# This file was autogenerated by uv via the following command:
#    uv pip compile --output-file uv.lock pyproject.toml
annotated-types==0.7.0
    # via pydantic
certifi==2025.8.3
    # via requests
charset-normalizer==3.4.3
    # via requests
dateparser==1.2.2
    # via keboola-utils
deprecated==1.2.18
    # via keboola-component
flake8==7.3.0
    # via airtable (pyproject.toml)
freezegun==1.5.5
    # via airtable (pyproject.toml)
idna==3.10
    # via requests
inflection==0.5.1
    # via pyairtable
keboola-component==1.6.13
    # via airtable (pyproject.toml)
keboola-http-client==1.0.1
    # via airtable (pyproject.toml)
keboola-utils==1.1.0
    # via airtable (pyproject.toml)
mccabe==0.7.0
    # via flake8
mock==5.2.0
    # via airtable (pyproject.toml)
numpy==2.3.3
    # via pandas
pandas==2.3.2
    # via airtable (pyproject.toml)
pyairtable==3.2.0
    # via airtable (pyproject.toml)
pycodestyle==2.14.0
    # via flake8
pydantic==2.11.9
    # via
    #   airtable (pyproject.toml)
    #   pyairtable
pydantic-core==2.33.2
    # via pydantic
pyflakes==3.4.0
    # via flake8
pygelf==0.4.3
    # via keboola-component
python-dateutil==2.9.0.post0
    # via
    #   dateparser
    #   freezegun
    #   pandas
pytz==2025.2
    # via
    #   dateparser
    #   keboola-component
    #   keboola-utils
    #   pandas
regex==2025.9.18
    # via dateparser
requests==2.32.5
    # via
    #   keboola-http-client
    #   pyairtable
ruff==0.13.2
    # via airtable (pyproject.toml)
six==1.17.0
    # via python-dateutil
typing-extensions==4.15.0
    # via
    #   pyairtable
    #   pydantic
    #   pydantic-core
    #   typing-inspection
typing-inspection==0.4.1
    # via pydantic
tzdata==2025.2
    # via pandas
tzlocal==5.3.1
    # via dateparser
urllib3==2.5.0
    # via
    #   pyairtable
    #   requests
wrapt==1.17.3
    # via deprecated
